// !$*UTF8*$!
{
	archiveVersion = 1;
	classes = {
	};
	objectVersion = 56;
	objects = {

/* Begin PBXBuildFile section */
		7648737F2DC80E2000DFDDFE /* MapView.swift in Sources */ = {isa = PBXBuildFile; fileRef = 7648737E2DC80E2000DFDDFE /* MapView.swift */; };
		764873812DC80F3100DFDDFE /* MapModel.swift in Sources */ = {isa = PBXBuildFile; fileRef = 764873802DC80F3100DFDDFE /* MapModel.swift */; };
		764873832DC81CE700DFDDFE /* LaunchScreen.storyboard in Resources */ = {isa = PBXBuildFile; fileRef = 764873822DC81CE700DFDDFE /* LaunchScreen.storyboard */; };
		764873862DC83C4900DFDDFE /* MenuView.swift in Sources */ = {isa = PBXBuildFile; fileRef = 764873852DC83C4900DFDDFE /* MenuView.swift */; };
		7674EFED2DC7DD47008B7986 /* Waldi.swift in Sources */ = {isa = PBXBuildFile; fileRef = 7674EFEC2DC7DD47008B7986 /* Waldi.swift */; };
		7674EFEF2DC7DD47008B7986 /* ContentView.swift in Sources */ = {isa = PBXBuildFile; fileRef = 7674EFEE2DC7DD47008B7986 /* ContentView.swift */; };
		7674EFF32DC7DD49008B7986 /* Assets.xcassets in Resources */ = {isa = PBXBuildFile; fileRef = 7674EFF22DC7DD49008B7986 /* Assets.xcassets */; };
		7674EFF62DC7DD49008B7986 /* Preview Assets.xcassets in Resources */ = {isa = PBXBuildFile; fileRef = 7674EFF52DC7DD49008B7986 /* Preview Assets.xcassets */; };
		7678ABFF2DCC3366003DB3A5 /* POIListView.swift in Sources */ = {isa = PBXBuildFile; fileRef = 7678ABFE2DCC3366003DB3A5 /* POIListView.swift */; };
		7678AC012DCC351E003DB3A5 /* PointOfInterestView.swift in Sources */ = {isa = PBXBuildFile; fileRef = 7678AC002DCC351E003DB3A5 /* PointOfInterestView.swift */; };
		7678AC042DCC4479003DB3A5 /* Utils.swift in Sources */ = {isa = PBXBuildFile; fileRef = 7678AC032DCC4479003DB3A5 /* Utils.swift */; };
		7678AC062DCF9B8D003DB3A5 /* MenuModel.swift in Sources */ = {isa = PBXBuildFile; fileRef = 7678AC052DCF9B8D003DB3A5 /* MenuModel.swift */; };
/* End PBXBuildFile section */

/* Begin PBXFileReference section */
		7648737E2DC80E2000DFDDFE /* MapView.swift */ = {isa = PBXFileReference; lastKnownFileType = sourcecode.swift; path = MapView.swift; sourceTree = "<group>"; };
		764873802DC80F3100DFDDFE /* MapModel.swift */ = {isa = PBXFileReference; lastKnownFileType = sourcecode.swift; path = MapModel.swift; sourceTree = "<group>"; };
		764873822DC81CE700DFDDFE /* LaunchScreen.storyboard */ = {isa = PBXFileReference; lastKnownFileType = file.storyboard; path = LaunchScreen.storyboard; sourceTree = "<group>"; };
		764873852DC83C4900DFDDFE /* MenuView.swift */ = {isa = PBXFileReference; lastKnownFileType = sourcecode.swift; path = MenuView.swift; sourceTree = "<group>"; };
		7674EFE92DC7DD47008B7986 /* Waldi.app */ = {isa = PBXFileReference; explicitFileType = wrapper.application; includeInIndex = 0; path = Waldi.app; sourceTree = BUILT_PRODUCTS_DIR; };
		7674EFEC2DC7DD47008B7986 /* Waldi.swift */ = {isa = PBXFileReference; lastKnownFileType = sourcecode.swift; path = Waldi.swift; sourceTree = "<group>"; };
		7674EFEE2DC7DD47008B7986 /* ContentView.swift */ = {isa = PBXFileReference; lastKnownFileType = sourcecode.swift; path = ContentView.swift; sourceTree = "<group>"; };
		7674EFF22DC7DD49008B7986 /* Assets.xcassets */ = {isa = PBXFileReference; lastKnownFileType = folder.assetcatalog; path = Assets.xcassets; sourceTree = "<group>"; };
		7674EFF52DC7DD49008B7986 /* Preview Assets.xcassets */ = {isa = PBXFileReference; lastKnownFileType = folder.assetcatalog; path = "Preview Assets.xcassets"; sourceTree = "<group>"; };
		7674EFF72DC7DD49008B7986 /* Waldi.entitlements */ = {isa = PBXFileReference; lastKnownFileType = text.plist.entitlements; path = Waldi.entitlements; sourceTree = "<group>"; };
		7678ABFE2DCC3366003DB3A5 /* POIListView.swift */ = {isa = PBXFileReference; lastKnownFileType = sourcecode.swift; path = POIListView.swift; sourceTree = "<group>"; };
		7678AC002DCC351E003DB3A5 /* PointOfInterestView.swift */ = {isa = PBXFileReference; lastKnownFileType = sourcecode.swift; path = PointOfInterestView.swift; sourceTree = "<group>"; };
		7678AC032DCC4479003DB3A5 /* Utils.swift */ = {isa = PBXFileReference; lastKnownFileType = sourcecode.swift; path = Utils.swift; sourceTree = "<group>"; };
		7678AC052DCF9B8D003DB3A5 /* MenuModel.swift */ = {isa = PBXFileReference; lastKnownFileType = sourcecode.swift; path = MenuModel.swift; sourceTree = "<group>"; };
/* End PBXFileReference section */

/* Begin PBXFrameworksBuildPhase section */
		7674EFE62DC7DD47008B7986 /* Frameworks */ = {
			isa = PBXFrameworksBuildPhase;
			buildActionMask = 2147483647;
			files = (
			);
			runOnlyForDeploymentPostprocessing = 0;
		};
/* End PBXFrameworksBuildPhase section */

/* Begin PBXGroup section */
		7648737D2DC80DDE00DFDDFE /* MapView */ = {
			isa = PBXGroup;
			children = (
				7648737E2DC80E2000DFDDFE /* MapView.swift */,
				764873802DC80F3100DFDDFE /* MapModel.swift */,
			);
			path = MapView;
			sourceTree = "<group>";
		};
		764873842DC83AAC00DFDDFE /* MenuView */ = {
			isa = PBXGroup;
			children = (
				764873852DC83C4900DFDDFE /* MenuView.swift */,
				7678AC052DCF9B8D003DB3A5 /* MenuModel.swift */,
				7678AC002DCC351E003DB3A5 /* PointOfInterestView.swift */,
				7678ABFE2DCC3366003DB3A5 /* POIListView.swift */,
			);
			path = MenuView;
			sourceTree = "<group>";
		};
		7674EFE02DC7DD47008B7986 = {
			isa = PBXGroup;
			children = (
				764873822DC81CE700DFDDFE /* LaunchScreen.storyboard */,
				7674EFEB2DC7DD47008B7986 /* Waldi */,
				7674EFEA2DC7DD47008B7986 /* Products */,
			);
			sourceTree = "<group>";
		};
		7674EFEA2DC7DD47008B7986 /* Products */ = {
			isa = PBXGroup;
			children = (
				7674EFE92DC7DD47008B7986 /* Waldi.app */,
			);
			name = Products;
			sourceTree = "<group>";
		};
		7674EFEB2DC7DD47008B7986 /* Waldi */ = {
			isa = PBXGroup;
			children = (
				7678AC022DCC4468003DB3A5 /* Utils */,
				764873842DC83AAC00DFDDFE /* MenuView */,
				7648737D2DC80DDE00DFDDFE /* MapView */,
				7674EFEC2DC7DD47008B7986 /* Waldi.swift */,
				7674EFEE2DC7DD47008B7986 /* ContentView.swift */,
				7674EFF22DC7DD49008B7986 /* Assets.xcassets */,
				7674EFF72DC7DD49008B7986 /* Waldi.entitlements */,
				7674EFF42DC7DD49008B7986 /* Preview Content */,
			);
			path = Waldi;
			sourceTree = "<group>";
		};
		7674EFF42DC7DD49008B7986 /* Preview Content */ = {
			isa = PBXGroup;
			children = (
				7674EFF52DC7DD49008B7986 /* Preview Assets.xcassets */,
			);
			path = "Preview Content";
			sourceTree = "<group>";
		};
		7678AC022DCC4468003DB3A5 /* Utils */ = {
			isa = PBXGroup;
			children = (
				7678AC032DCC4479003DB3A5 /* Utils.swift */,
			);
			path = Utils;
			sourceTree = "<group>";
		};
/* End PBXGroup section */

/* Begin PBXNativeTarget section */
		7674EFE82DC7DD47008B7986 /* Waldi */ = {
			isa = PBXNativeTarget;
			buildConfigurationList = 7674EFFA2DC7DD49008B7986 /* Build configuration list for PBXNativeTarget "Waldi" */;
			buildPhases = (
				7674EFE52DC7DD47008B7986 /* Sources */,
				7674EFE62DC7DD47008B7986 /* Frameworks */,
				7674EFE72DC7DD47008B7986 /* Resources */,
			);
			buildRules = (
			);
			dependencies = (
			);
			name = Waldi;
			productName = "IOS Project";
			productReference = 7674EFE92DC7DD47008B7986 /* Waldi.app */;
			productType = "com.apple.product-type.application";
		};
/* End PBXNativeTarget section */

/* Begin PBXProject section */
		7674EFE12DC7DD47008B7986 /* Project object */ = {
			isa = PBXProject;
			attributes = {
				BuildIndependentTargetsInParallel = 1;
				LastSwiftUpdateCheck = 1530;
				LastUpgradeCheck = 1530;
				TargetAttributes = {
					7674EFE82DC7DD47008B7986 = {
						CreatedOnToolsVersion = 15.3;
					};
				};
			};
			buildConfigurationList = 7674EFE42DC7DD47008B7986 /* Build configuration list for PBXProject "Waldi" */;
			compatibilityVersion = "Xcode 14.0";
			developmentRegion = en;
			hasScannedForEncodings = 0;
			knownRegions = (
				en,
				Base,
			);
			mainGroup = 7674EFE02DC7DD47008B7986;
			productRefGroup = 7674EFEA2DC7DD47008B7986 /* Products */;
			projectDirPath = "";
			projectRoot = "";
			targets = (
				7674EFE82DC7DD47008B7986 /* Waldi */,
			);
		};
/* End PBXProject section */

/* Begin PBXResourcesBuildPhase section */
		7674EFE72DC7DD47008B7986 /* Resources */ = {
			isa = PBXResourcesBuildPhase;
			buildActionMask = 2147483647;
			files = (
				764873832DC81CE700DFDDFE /* LaunchScreen.storyboard in Resources */,
				7674EFF62DC7DD49008B7986 /* Preview Assets.xcassets in Resources */,
				7674EFF32DC7DD49008B7986 /* Assets.xcassets in Resources */,
			);
			runOnlyForDeploymentPostprocessing = 0;
		};
/* End PBXResourcesBuildPhase section */

/* Begin PBXSourcesBuildPhase section */
		7674EFE52DC7DD47008B7986 /* Sources */ = {
			isa = PBXSourcesBuildPhase;
			buildActionMask = 2147483647;
			files = (
				7678AC012DCC351E003DB3A5 /* PointOfInterestView.swift in Sources */,
				764873862DC83C4900DFDDFE /* MenuView.swift in Sources */,
				7678AC062DCF9B8D003DB3A5 /* MenuModel.swift in Sources */,
				7674EFEF2DC7DD47008B7986 /* ContentView.swift in Sources */,
				764873812DC80F3100DFDDFE /* MapModel.swift in Sources */,
				7678ABFF2DCC3366003DB3A5 /* POIListView.swift in Sources */,
				7648737F2DC80E2000DFDDFE /* MapView.swift in Sources */,
				7674EFED2DC7DD47008B7986 /* Waldi.swift in Sources */,
				7678AC042DCC4479003DB3A5 /* Utils.swift in Sources */,
			);
			runOnlyForDeploymentPostprocessing = 0;
		};
/* End PBXSourcesBuildPhase section */

/* Begin XCBuildConfiguration section */
		7674EFF82DC7DD49008B7986 /* Debug */ = {
			isa = XCBuildConfiguration;
			buildSettings = {
				ALWAYS_SEARCH_USER_PATHS = NO;
				ASSETCATALOG_COMPILER_GENERATE_SWIFT_ASSET_SYMBOL_EXTENSIONS = YES;
				CLANG_ANALYZER_NONNULL = YES;
				CLANG_ANALYZER_NUMBER_OBJECT_CONVERSION = YES_AGGRESSIVE;
				CLANG_CXX_LANGUAGE_STANDARD = "gnu++20";
				CLANG_ENABLE_MODULES = YES;
				CLANG_ENABLE_OBJC_ARC = YES;
				CLANG_ENABLE_OBJC_WEAK = YES;
				CLANG_WARN_BLOCK_CAPTURE_AUTORELEASING = YES;
				CLANG_WARN_BOOL_CONVERSION = YES;
				CLANG_WARN_COMMA = YES;
				CLANG_WARN_CONSTANT_CONVERSION = YES;
				CLANG_WARN_DEPRECATED_OBJC_IMPLEMENTATIONS = YES;
				CLANG_WARN_DIRECT_OBJC_ISA_USAGE = YES_ERROR;
				CLANG_WARN_DOCUMENTATION_COMMENTS = YES;
				CLANG_WARN_EMPTY_BODY = YES;
				CLANG_WARN_ENUM_CONVERSION = YES;
				CLANG_WARN_INFINITE_RECURSION = YES;
				CLANG_WARN_INT_CONVERSION = YES;
				CLANG_WARN_NON_LITERAL_NULL_CONVERSION = YES;
				CLANG_WARN_OBJC_IMPLICIT_RETAIN_SELF = YES;
				CLANG_WARN_OBJC_LITERAL_CONVERSION = YES;
				CLANG_WARN_OBJC_ROOT_CLASS = YES_ERROR;
				CLANG_WARN_QUOTED_INCLUDE_IN_FRAMEWORK_HEADER = YES;
				CLANG_WARN_RANGE_LOOP_ANALYSIS = YES;
				CLANG_WARN_STRICT_PROTOTYPES = YES;
				CLANG_WARN_SUSPICIOUS_MOVE = YES;
				CLANG_WARN_UNGUARDED_AVAILABILITY = YES_AGGRESSIVE;
				CLANG_WARN_UNREACHABLE_CODE = YES;
				CLANG_WARN__DUPLICATE_METHOD_MATCH = YES;
				COPY_PHASE_STRIP = NO;
				DEBUG_INFORMATION_FORMAT = dwarf;
				ENABLE_STRICT_OBJC_MSGSEND = YES;
				ENABLE_TESTABILITY = YES;
				ENABLE_USER_SCRIPT_SANDBOXING = YES;
				GCC_C_LANGUAGE_STANDARD = gnu17;
				GCC_DYNAMIC_NO_PIC = NO;
				GCC_NO_COMMON_BLOCKS = YES;
				GCC_OPTIMIZATION_LEVEL = 0;
				GCC_PREPROCESSOR_DEFINITIONS = (
					"DEBUG=1",
					"$(inherited)",
				);
				GCC_WARN_64_TO_32_BIT_CONVERSION = YES;
				GCC_WARN_ABOUT_RETURN_TYPE = YES_ERROR;
				GCC_WARN_UNDECLARED_SELECTOR = YES;
				GCC_WARN_UNINITIALIZED_AUTOS = YES_AGGRESSIVE;
				GCC_WARN_UNUSED_FUNCTION = YES;
				GCC_WARN_UNUSED_VARIABLE = YES;
				LOCALIZATION_PREFERS_STRING_CATALOGS = YES;
				MACOSX_DEPLOYMENT_TARGET = 14.4;
				MTL_ENABLE_DEBUG_INFO = INCLUDE_SOURCE;
				MTL_FAST_MATH = YES;
				ONLY_ACTIVE_ARCH = YES;
				SDKROOT = macosx;
				SWIFT_ACTIVE_COMPILATION_CONDITIONS = "DEBUG $(inherited)";
				SWIFT_OPTIMIZATION_LEVEL = "-Onone";
			};
			name = Debug;
		};
		7674EFF92DC7DD49008B7986 /* Release */ = {
			isa = XCBuildConfiguration;
			buildSettings = {
				ALWAYS_SEARCH_USER_PATHS = NO;
				ASSETCATALOG_COMPILER_GENERATE_SWIFT_ASSET_SYMBOL_EXTENSIONS = YES;
				CLANG_ANALYZER_NONNULL = YES;
				CLANG_ANALYZER_NUMBER_OBJECT_CONVERSION = YES_AGGRESSIVE;
				CLANG_CXX_LANGUAGE_STANDARD = "gnu++20";
				CLANG_ENABLE_MODULES = YES;
				CLANG_ENABLE_OBJC_ARC = YES;
				CLANG_ENABLE_OBJC_WEAK = YES;
				CLANG_WARN_BLOCK_CAPTURE_AUTORELEASING = YES;
				CLANG_WARN_BOOL_CONVERSION = YES;
				CLANG_WARN_COMMA = YES;
				CLANG_WARN_CONSTANT_CONVERSION = YES;
				CLANG_WARN_DEPRECATED_OBJC_IMPLEMENTATIONS = YES;
				CLANG_WARN_DIRECT_OBJC_ISA_USAGE = YES_ERROR;
				CLANG_WARN_DOCUMENTATION_COMMENTS = YES;
				CLANG_WARN_EMPTY_BODY = YES;
				CLANG_WARN_ENUM_CONVERSION = YES;
				CLANG_WARN_INFINITE_RECURSION = YES;
				CLANG_WARN_INT_CONVERSION = YES;
				CLANG_WARN_NON_LITERAL_NULL_CONVERSION = YES;
				CLANG_WARN_OBJC_IMPLICIT_RETAIN_SELF = YES;
				CLANG_WARN_OBJC_LITERAL_CONVERSION = YES;
				CLANG_WARN_OBJC_ROOT_CLASS = YES_ERROR;
				CLANG_WARN_QUOTED_INCLUDE_IN_FRAMEWORK_HEADER = YES;
				CLANG_WARN_RANGE_LOOP_ANALYSIS = YES;
				CLANG_WARN_STRICT_PROTOTYPES = YES;
				CLANG_WARN_SUSPICIOUS_MOVE = YES;
				CLANG_WARN_UNGUARDED_AVAILABILITY = YES_AGGRESSIVE;
				CLANG_WARN_UNREACHABLE_CODE = YES;
				CLANG_WARN__DUPLICATE_METHOD_MATCH = YES;
				COPY_PHASE_STRIP = NO;
				DEBUG_INFORMATION_FORMAT = "dwarf-with-dsym";
				ENABLE_NS_ASSERTIONS = NO;
				ENABLE_STRICT_OBJC_MSGSEND = YES;
				ENABLE_USER_SCRIPT_SANDBOXING = YES;
				GCC_C_LANGUAGE_STANDARD = gnu17;
				GCC_NO_COMMON_BLOCKS = YES;
				GCC_WARN_64_TO_32_BIT_CONVERSION = YES;
				GCC_WARN_ABOUT_RETURN_TYPE = YES_ERROR;
				GCC_WARN_UNDECLARED_SELECTOR = YES;
				GCC_WARN_UNINITIALIZED_AUTOS = YES_AGGRESSIVE;
				GCC_WARN_UNUSED_FUNCTION = YES;
				GCC_WARN_UNUSED_VARIABLE = YES;
				LOCALIZATION_PREFERS_STRING_CATALOGS = YES;
				MACOSX_DEPLOYMENT_TARGET = 14.4;
				MTL_ENABLE_DEBUG_INFO = NO;
				MTL_FAST_MATH = YES;
				SDKROOT = macosx;
				SWIFT_COMPILATION_MODE = wholemodule;
			};
			name = Release;
		};
		7674EFFB2DC7DD49008B7986 /* Debug */ = {
			isa = XCBuildConfiguration;
			buildSettings = {
				ASSETCATALOG_COMPILER_APPICON_NAME = AppIcon;
				ASSETCATALOG_COMPILER_GLOBAL_ACCENT_COLOR_NAME = AccentColor;
				CODE_SIGN_ENTITLEMENTS = Waldi/Waldi.entitlements;
				CODE_SIGN_STYLE = Automatic;
				COMBINE_HIDPI_IMAGES = YES;
				CURRENT_PROJECT_VERSION = 1;
				DEVELOPMENT_ASSET_PATHS = "\"Waldi/Preview Content\"";
				DEVELOPMENT_TEAM = 6KHFM35457;
				ENABLE_HARDENED_RUNTIME = YES;
				ENABLE_PREVIEWS = YES;
				GENERATE_INFOPLIST_FILE = YES;
				INFOPLIST_KEY_CFBundleDisplayName = Waldi;
				INFOPLIST_KEY_LSApplicationCategoryType = "public.app-category.travel";
				INFOPLIST_KEY_NSHumanReadableCopyright = "";
				INFOPLIST_KEY_NSLocationWhenInUseUsageDescription = "Get user location";
				INFOPLIST_KEY_UILaunchStoryboardName = LaunchScreen.storyboard;
				LD_RUNPATH_SEARCH_PATHS = (
					"$(inherited)",
					"@executable_path/../Frameworks",
				);
				MACOSX_DEPLOYMENT_TARGET = 14.0;
				MARKETING_VERSION = 1.0;
				PRODUCT_BUNDLE_IDENTIFIER = SBR.Waldi;
				PRODUCT_NAME = "$(TARGET_NAME)";
				SUPPORTED_PLATFORMS = "iphoneos iphonesimulator";
				SUPPORTS_MACCATALYST = NO;
				SWIFT_EMIT_LOC_STRINGS = YES;
				SWIFT_VERSION = 5.0;
				TARGETED_DEVICE_FAMILY = 1;
			};
			name = Debug;
		};
		7674EFFC2DC7DD49008B7986 /* Release */ = {
			isa = XCBuildConfiguration;
			buildSettings = {
				ASSETCATALOG_COMPILER_APPICON_NAME = AppIcon;
				ASSETCATALOG_COMPILER_GLOBAL_ACCENT_COLOR_NAME = AccentColor;
				CODE_SIGN_ENTITLEMENTS = Waldi/Waldi.entitlements;
				CODE_SIGN_STYLE = Automatic;
				COMBINE_HIDPI_IMAGES = YES;
				CURRENT_PROJECT_VERSION = 1;
				DEVELOPMENT_ASSET_PATHS = "\"Waldi/Preview Content\"";
				DEVELOPMENT_TEAM = 6KHFM35457;
				ENABLE_HARDENED_RUNTIME = YES;
				ENABLE_PREVIEWS = YES;
				GENERATE_INFOPLIST_FILE = YES;
				INFOPLIST_KEY_CFBundleDisplayName = Waldi;
				INFOPLIST_KEY_LSApplicationCategoryType = "public.app-category.travel";
				INFOPLIST_KEY_NSHumanReadableCopyright = "";
				INFOPLIST_KEY_NSLocationWhenInUseUsageDescription = "Get user location";
				INFOPLIST_KEY_UILaunchStoryboardName = LaunchScreen.storyboard;
				LD_RUNPATH_SEARCH_PATHS = (
					"$(inherited)",
					"@executable_path/../Frameworks",
				);
				MACOSX_DEPLOYMENT_TARGET = 14.0;
				MARKETING_VERSION = 1.0;
				PRODUCT_BUNDLE_IDENTIFIER = SBR.Waldi;
				PRODUCT_NAME = "$(TARGET_NAME)";
				SUPPORTED_PLATFORMS = "iphoneos iphonesimulator";
				SUPPORTS_MACCATALYST = NO;
				SWIFT_EMIT_LOC_STRINGS = YES;
				SWIFT_VERSION = 5.0;
				TARGETED_DEVICE_FAMILY = 1;
			};
			name = Release;
		};
/* End XCBuildConfiguration section */

/* Begin XCConfigurationList section */
		7674EFE42DC7DD47008B7986 /* Build configuration list for PBXProject "Waldi" */ = {
			isa = XCConfigurationList;
			buildConfigurations = (
				7674EFF82DC7DD49008B7986 /* Debug */,
				7674EFF92DC7DD49008B7986 /* Release */,
			);
			defaultConfigurationIsVisible = 0;
			defaultConfigurationName = Release;
		};
		7674EFFA2DC7DD49008B7986 /* Build configuration list for PBXNativeTarget "Waldi" */ = {
			isa = XCConfigurationList;
			buildConfigurations = (
				7674EFFB2DC7DD49008B7986 /* Debug */,
				7674EFFC2DC7DD49008B7986 /* Release */,
			);
			defaultConfigurationIsVisible = 0;
			defaultConfigurationName = Release;
		};
/* End XCConfigurationList section */
	};
	rootObject = 7674EFE12DC7DD47008B7986 /* Project object */;
}
